// !$*UTF8*$!
{
	archiveVersion = 1;
	classes = {
	};
	objectVersion = 77;
	objects = {

/* Begin PBXBuildFile section */
		11E8E7912FA22DC400A53109 /* ContentView.swift in Sources */ = {isa = PBXBuildFile; fileRef = 11E8E7892FA22DC400A53109 /* ContentView.swift */; };
		11E8E7922FA22DC400A53109 /* SpeechService.swift in Sources */ = {isa = PBXBuildFile; fileRef = 11E8E7852FA22DC400A53109 /* SpeechService.swift */; };
		11E8E7932FA22DC400A53109 /* ExpenseTrackerApp.swift in Sources */ = {isa = PBXBuildFile; fileRef = 11E8E77F2FA22DC400A53109 /* ExpenseTrackerApp.swift */; };
		11E8E7942FA22DC400A53109 /* CloudKitService.swift in Sources */ = {isa = PBXBuildFile; fileRef = 11E8E7832FA22DC400A53109 /* CloudKitService.swift */; };
		11E8E7952FA22DC400A53109 /* NotificationService.swift in Sources */ = {isa = PBXBuildFile; fileRef = 11E8E7842FA22DC400A53109 /* NotificationService.swift */; };
		11E8E7962FA22DC400A53109 /* SettingsView.swift in Sources */ = {isa = PBXBuildFile; fileRef = 11E8E78D2FA22DC400A53109 /* SettingsView.swift */; };
		11E8E7972FA22DC400A53109 /* Expense.swift in Sources */ = {isa = PBXBuildFile; fileRef = 11E8E7812FA22DC400A53109 /* Expense.swift */; };
		11E8E7982FA22DC400A53109 /* StatisticsView.swift in Sources */ = {isa = PBXBuildFile; fileRef = 11E8E78E2FA22DC400A53109 /* StatisticsView.swift */; };
		11E8E7992FA22DC400A53109 /* QuickAddView.swift in Sources */ = {isa = PBXBuildFile; fileRef = 11E8E78B2FA22DC400A53109 /* QuickAddView.swift */; };
		11E8E79A2FA22DC400A53109 /* VoiceInputView.swift in Sources */ = {isa = PBXBuildFile; fileRef = 11E8E78F2FA22DC400A53109 /* VoiceInputView.swift */; };
		11E8E79B2FA22DC400A53109 /* HomeView.swift in Sources */ = {isa = PBXBuildFile; fileRef = 11E8E78A2FA22DC400A53109 /* HomeView.swift */; };
		11E8E79C2FA22DC400A53109 /* ExpenseViewModel.swift in Sources */ = {isa = PBXBuildFile; fileRef = 11E8E7872FA22DC400A53109 /* ExpenseViewModel.swift */; };
		11E8E79D2FA22DC400A53109 /* ReceiptScannerView.swift in Sources */ = {isa = PBXBuildFile; fileRef = 11E8E78C2FA22DC400A53109 /* ReceiptScannerView.swift */; };
		11E8E79E2FA22DC400A53109 /* AppTheme.swift in Sources */ = {isa = PBXBuildFile; fileRef = 11E8E79F2FA22DC400A53109 /* AppTheme.swift */; };
		AABB00022FA22DC400A53109 /* ExchangeRateService.swift in Sources */ = {isa = PBXBuildFile; fileRef = AABB00012FA22DC400A53109 /* ExchangeRateService.swift */; };
		AABB00042FA22DC400A53109 /* TravelCurrency.swift in Sources */ = {isa = PBXBuildFile; fileRef = AABB00032FA22DC400A53109 /* TravelCurrency.swift */; };
		AABB00062FA22DC400A53109 /* TravelModeSummaryView.swift in Sources */ = {isa = PBXBuildFile; fileRef = AABB00052FA22DC400A53109 /* TravelModeSummaryView.swift */; };
		/* End PBXBuildFile section */

/* Begin PBXContainerItemProxy section */
		11E8E7632FA21BE900A53109 /* PBXContainerItemProxy */ = {
			isa = PBXContainerItemProxy;
			containerPortal = 11E8E74D2FA21BE800A53109 /* Project object */;
			proxyType = 1;
			remoteGlobalIDString = 11E8E7542FA21BE800A53109;
			remoteInfo = SmartExpenseTracker;
		};
		11E8E76D2FA21BE900A53109 /* PBXContainerItemProxy */ = {
			isa = PBXContainerItemProxy;
			containerPortal = 11E8E74D2FA21BE800A53109 /* Project object */;
			proxyType = 1;
			remoteGlobalIDString = 11E8E7542FA21BE800A53109;
			remoteInfo = SmartExpenseTracker;
		};
/* End PBXContainerItemProxy section */

/* Begin PBXFileReference section */
		11E8E7552FA21BE800A53109 /* SmartExpenseTracker.app */ = {isa = PBXFileReference; explicitFileType = wrapper.application; includeInIndex = 0; path = SmartExpenseTracker.app; sourceTree = BUILT_PRODUCTS_DIR; };
		11E8E7622FA21BE900A53109 /* SmartExpenseTrackerTests.xctest */ = {isa = PBXFileReference; explicitFileType = wrapper.cfbundle; includeInIndex = 0; path = SmartExpenseTrackerTests.xctest; sourceTree = BUILT_PRODUCTS_DIR; };
		11E8E76C2FA21BE900A53109 /* SmartExpenseTrackerUITests.xctest */ = {isa = PBXFileReference; explicitFileType = wrapper.cfbundle; includeInIndex = 0; path = SmartExpenseTrackerUITests.xctest; sourceTree = BUILT_PRODUCTS_DIR; };
		11E8E77F2FA22DC400A53109 /* ExpenseTrackerApp.swift */ = {isa = PBXFileReference; lastKnownFileType = sourcecode.swift; path = ExpenseTrackerApp.swift; sourceTree = "<group>"; };
		11E8E7812FA22DC400A53109 /* Expense.swift */ = {isa = PBXFileReference; lastKnownFileType = sourcecode.swift; path = Expense.swift; sourceTree = "<group>"; };
		11E8E7832FA22DC400A53109 /* CloudKitService.swift */ = {isa = PBXFileReference; lastKnownFileType = sourcecode.swift; path = CloudKitService.swift; sourceTree = "<group>"; };
		11E8E7842FA22DC400A53109 /* NotificationService.swift */ = {isa = PBXFileReference; lastKnownFileType = sourcecode.swift; path = NotificationService.swift; sourceTree = "<group>"; };
		11E8E7852FA22DC400A53109 /* SpeechService.swift */ = {isa = PBXFileReference; lastKnownFileType = sourcecode.swift; path = SpeechService.swift; sourceTree = "<group>"; };
		11E8E7872FA22DC400A53109 /* ExpenseViewModel.swift */ = {isa = PBXFileReference; lastKnownFileType = sourcecode.swift; path = ExpenseViewModel.swift; sourceTree = "<group>"; };
		11E8E7892FA22DC400A53109 /* ContentView.swift */ = {isa = PBXFileReference; lastKnownFileType = sourcecode.swift; path = ContentView.swift; sourceTree = "<group>"; };
		11E8E78A2FA22DC400A53109 /* HomeView.swift */ = {isa = PBXFileReference; lastKnownFileType = sourcecode.swift; path = HomeView.swift; sourceTree = "<group>"; };
		11E8E78B2FA22DC400A53109 /* QuickAddView.swift */ = {isa = PBXFileReference; lastKnownFileType = sourcecode.swift; path = QuickAddView.swift; sourceTree = "<group>"; };
		11E8E78C2FA22DC400A53109 /* ReceiptScannerView.swift */ = {isa = PBXFileReference; lastKnownFileType = sourcecode.swift; path = ReceiptScannerView.swift; sourceTree = "<group>"; };
		11E8E78D2FA22DC400A53109 /* SettingsView.swift */ = {isa = PBXFileReference; lastKnownFileType = sourcecode.swift; path = SettingsView.swift; sourceTree = "<group>"; };
		11E8E78E2FA22DC400A53109 /* StatisticsView.swift */ = {isa = PBXFileReference; lastKnownFileType = sourcecode.swift; path = StatisticsView.swift; sourceTree = "<group>"; };
		11E8E78F2FA22DC400A53109 /* VoiceInputView.swift */ = {isa = PBXFileReference; lastKnownFileType = sourcecode.swift; path = VoiceInputView.swift; sourceTree = "<group>"; };
		11E8E79F2FA22DC400A53109 /* AppTheme.swift */ = {isa = PBXFileReference; lastKnownFileType = sourcecode.swift; path = AppTheme.swift; sourceTree = "<group>"; };
		AABB00012FA22DC400A53109 /* ExchangeRateService.swift */ = {isa = PBXFileReference; lastKnownFileType = sourcecode.swift; path = ExchangeRateService.swift; sourceTree = "<group>"; };
		AABB00032FA22DC400A53109 /* TravelCurrency.swift */ = {isa = PBXFileReference; lastKnownFileType = sourcecode.swift; path = TravelCurrency.swift; sourceTree = "<group>"; };
		AABB00052FA22DC400A53109 /* TravelModeSummaryView.swift */ = {isa = PBXFileReference; lastKnownFileType = sourcecode.swift; path = TravelModeSummaryView.swift; sourceTree = "<group>"; };
		/* End PBXFileReference section */

/* Begin PBXFileSystemSynchronizedRootGroup section */
		11E8E7572FA21BE800A53109 /* SmartExpenseTracker */ = {
			isa = PBXFileSystemSynchronizedRootGroup;
			path = SmartExpenseTracker;
			sourceTree = "<group>";
		};
		11E8E7652FA21BE900A53109 /* SmartExpenseTrackerTests */ = {
			isa = PBXFileSystemSynchronizedRootGroup;
			path = SmartExpenseTrackerTests;
			sourceTree = "<group>";
		};
		11E8E76F2FA21BE900A53109 /* SmartExpenseTrackerUITests */ = {
			isa = PBXFileSystemSynchronizedRootGroup;
			path = SmartExpenseTrackerUITests;
			sourceTree = "<group>";
		};
/* End PBXFileSystemSynchronizedRootGroup section */

/* Begin PBXFrameworksBuildPhase section */
		11E8E7522FA21BE800A53109 /* Frameworks */ = {
			isa = PBXFrameworksBuildPhase;
			buildActionMask = 2147483647;
			files = (
			);
			runOnlyForDeploymentPostprocessing = 0;
		};
		11E8E75F2FA21BE900A53109 /* Frameworks */ = {
			isa = PBXFrameworksBuildPhase;
			buildActionMask = 2147483647;
			files = (
			);
			runOnlyForDeploymentPostprocessing = 0;
		};
		11E8E7692FA21BE900A53109 /* Frameworks */ = {
			isa = PBXFrameworksBuildPhase;
			buildActionMask = 2147483647;
			files = (
			);
			runOnlyForDeploymentPostprocessing = 0;
		};
/* End PBXFrameworksBuildPhase section */

/* Begin PBXGroup section */
		11E8E74C2FA21BE800A53109 = {
			isa = PBXGroup;
			children = (
				11E8E7572FA21BE800A53109 /* SmartExpenseTracker */,
				11E8E7652FA21BE900A53109 /* SmartExpenseTrackerTests */,
				11E8E76F2FA21BE900A53109 /* SmartExpenseTrackerUITests */,
				11E8E7562FA21BE800A53109 /* Products */,
				11E8E7802FA22DC400A53109 /* App */,
				11E8E7822FA22DC400A53109 /* Models */,
				11E8E7862FA22DC400A53109 /* Services */,
				11E8E7882FA22DC400A53109 /* ViewModels */,
				11E8E7902FA22DC400A53109 /* Views */,
			);
			sourceTree = "<group>";
		};
		11E8E7562FA21BE800A53109 /* Products */ = {
			isa = PBXGroup;
			children = (
				11E8E7552FA21BE800A53109 /* SmartExpenseTracker.app */,
				11E8E7622FA21BE900A53109 /* SmartExpenseTrackerTests.xctest */,
				11E8E76C2FA21BE900A53109 /* SmartExpenseTrackerUITests.xctest */,
			);
			name = Products;
			sourceTree = "<group>";
		};
		11E8E7802FA22DC400A53109 /* App */ = {
			isa = PBXGroup;
			children = (
				11E8E77F2FA22DC400A53109 /* ExpenseTrackerApp.swift */,
			);
			path = App;
			sourceTree = "<group>";
		};
		11E8E7822FA22DC400A53109 /* Models */ = {
			isa = PBXGroup;
			children = (
				11E8E7812FA22DC400A53109 /* Expense.swift */,
				AABB00032FA22DC400A53109 /* TravelCurrency.swift */,
			);
			path = Models;
			sourceTree = "<group>";
		};
		11E8E7862FA22DC400A53109 /* Services */ = {
			isa = PBXGroup;
			children = (
				11E8E7832FA22DC400A53109 /* CloudKitService.swift */,
				AABB00012FA22DC400A53109 /* ExchangeRateService.swift */,
				11E8E7842FA22DC400A53109 /* NotificationService.swift */,
				11E8E7852FA22DC400A53109 /* SpeechService.swift */,
			);
			path = Services;
			sourceTree = "<group>";
		};
		11E8E7882FA22DC400A53109 /* ViewModels */ = {
			isa = PBXGroup;
			children = (
				11E8E7872FA22DC400A53109 /* ExpenseViewModel.swift */,
			);
			path = ViewModels;
			sourceTree = "<group>";
		};
		11E8E7902FA22DC400A53109 /* Views */ = {
			isa = PBXGroup;
			children = (
				11E8E79F2FA22DC400A53109 /* AppTheme.swift */,
				11E8E7892FA22DC400A53109 /* ContentView.swift */,
				11E8E78A2FA22DC400A53109 /* HomeView.swift */,
				11E8E78B2FA22DC400A53109 /* QuickAddView.swift */,
				11E8E78C2FA22DC400A53109 /* ReceiptScannerView.swift */,
				11E8E78D2FA22DC400A53109 /* SettingsView.swift */,
				11E8E78E2FA22DC400A53109 /* StatisticsView.swift */,
				AABB00052FA22DC400A53109 /* TravelModeSummaryView.swift */,
				11E8E78F2FA22DC400A53109 /* VoiceInputView.swift */,
			);
			path = Views;
			sourceTree = "<group>";
		};
/* End PBXGroup section */

/* Begin PBXNativeTarget section */
		11E8E7542FA21BE800A53109 /* SmartExpenseTracker */ = {
			isa = PBXNativeTarget;
			buildConfigurationList = 11E8E7762FA21BE900A53109 /* Build configuration list for PBXNativeTarget "SmartExpenseTracker" */;
			buildPhases = (
				11E8E7512FA21BE800A53109 /* Sources */,
				11E8E7522FA21BE800A53109 /* Frameworks */,
				11E8E7532FA21BE800A53109 /* Resources */,
			);
			buildRules = (
			);
			dependencies = (
			);
			fileSystemSynchronizedGroups = (
				11E8E7572FA21BE800A53109 /* SmartExpenseTracker */,
			);
			name = SmartExpenseTracker;
			packageProductDependencies = (
			);
			productName = SmartExpenseTracker;
			productReference = 11E8E7552FA21BE800A53109 /* SmartExpenseTracker.app */;
			productType = "com.apple.product-type.application";
		};
		11E8E7612FA21BE900A53109 /* SmartExpenseTrackerTests */ = {
			isa = PBXNativeTarget;
			buildConfigurationList = 11E8E7792FA21BE900A53109 /* Build configuration list for PBXNativeTarget "SmartExpenseTrackerTests" */;
			buildPhases = (
				11E8E75E2FA21BE900A53109 /* Sources */,
				11E8E75F2FA21BE900A53109 /* Frameworks */,
				11E8E7602FA21BE900A53109 /* Resources */,
			);
			buildRules = (
			);
			dependencies = (
				11E8E7642FA21BE900A53109 /* PBXTargetDependency */,
			);
			fileSystemSynchronizedGroups = (
				11E8E7652FA21BE900A53109 /* SmartExpenseTrackerTests */,
			);
			name = SmartExpenseTrackerTests;
			packageProductDependencies = (
			);
			productName = SmartExpenseTrackerTests;
			productReference = 11E8E7622FA21BE900A53109 /* SmartExpenseTrackerTests.xctest */;
			productType = "com.apple.product-type.bundle.unit-test";
		};
		11E8E76B2FA21BE900A53109 /* SmartExpenseTrackerUITests */ = {
			isa = PBXNativeTarget;
			buildConfigurationList = 11E8E77C2FA21BE900A53109 /* Build configuration list for PBXNativeTarget "SmartExpenseTrackerUITests" */;
			buildPhases = (
				11E8E7682FA21BE900A53109 /* Sources */,
				11E8E7692FA21BE900A53109 /* Frameworks */,
				11E8E76A2FA21BE900A53109 /* Resources */,
			);
			buildRules = (
			);
			dependencies = (
				11E8E76E2FA21BE900A53109 /* PBXTargetDependency */,
			);
			fileSystemSynchronizedGroups = (
				11E8E76F2FA21BE900A53109 /* SmartExpenseTrackerUITests */,
			);
			name = SmartExpenseTrackerUITests;
			packageProductDependencies = (
			);
			productName = SmartExpenseTrackerUITests;
			productReference = 11E8E76C2FA21BE900A53109 /* SmartExpenseTrackerUITests.xctest */;
			productType = "com.apple.product-type.bundle.ui-testing";
		};
/* End PBXNativeTarget section */

/* Begin PBXProject section */
		11E8E74D2FA21BE800A53109 /* Project object */ = {
			isa = PBXProject;
			attributes = {
				BuildIndependentTargetsInParallel = 1;
				LastSwiftUpdateCheck = 2630;
				LastUpgradeCheck = 2630;
				TargetAttributes = {
					11E8E7542FA21BE800A53109 = {
						CreatedOnToolsVersion = 26.3;
					};
					11E8E7612FA21BE900A53109 = {
						CreatedOnToolsVersion = 26.3;
						TestTargetID = 11E8E7542FA21BE800A53109;
					};
					11E8E76B2FA21BE900A53109 = {
						CreatedOnToolsVersion = 26.3;
						TestTargetID = 11E8E7542FA21BE800A53109;
					};
				};
			};
			buildConfigurationList = 11E8E7502FA21BE800A53109 /* Build configuration list for PBXProject "SmartExpenseTracker" */;
			developmentRegion = en;
			hasScannedForEncodings = 0;
			knownRegions = (
				en,
				Base,
			);
			mainGroup = 11E8E74C2FA21BE800A53109;
			minimizedProjectReferenceProxies = 1;
			preferredProjectObjectVersion = 77;
			productRefGroup = 11E8E7562FA21BE800A53109 /* Products */;
			projectDirPath = "";
			projectRoot = "";
			targets = (
				11E8E7542FA21BE800A53109 /* SmartExpenseTracker */,
				11E8E7612FA21BE900A53109 /* SmartExpenseTrackerTests */,
				11E8E76B2FA21BE900A53109 /* SmartExpenseTrackerUITests */,
			);
		};
/* End PBXProject section */

/* Begin PBXResourcesBuildPhase section */
		11E8E7532FA21BE800A53109 /* Resources */ = {
			isa = PBXResourcesBuildPhase;
			buildActionMask = 2147483647;
			files = (
			);
			runOnlyForDeploymentPostprocessing = 0;
		};
		11E8E7602FA21BE900A53109 /* Resources */ = {
			isa = PBXResourcesBuildPhase;
			buildActionMask = 2147483647;
			files = (
			);
			runOnlyForDeploymentPostprocessing = 0;
		};
		11E8E76A2FA21BE900A53109 /* Resources */ = {
			isa = PBXResourcesBuildPhase;
			buildActionMask = 2147483647;
			files = (
			);
			runOnlyForDeploymentPostprocessing = 0;
		};
/* End PBXResourcesBuildPhase section */

/* Begin PBXSourcesBuildPhase section */
		11E8E7512FA21BE800A53109 /* Sources */ = {
			isa = PBXSourcesBuildPhase;
			buildActionMask = 2147483647;
			files = (
				11E8E7912FA22DC400A53109 /* ContentView.swift in Sources */,
				11E8E7922FA22DC400A53109 /* SpeechService.swift in Sources */,
				11E8E7932FA22DC400A53109 /* ExpenseTrackerApp.swift in Sources */,
				11E8E7942FA22DC400A53109 /* CloudKitService.swift in Sources */,
				11E8E7952FA22DC400A53109 /* NotificationService.swift in Sources */,
				11E8E7962FA22DC400A53109 /* SettingsView.swift in Sources */,
				11E8E7972FA22DC400A53109 /* Expense.swift in Sources */,
				11E8E7982FA22DC400A53109 /* StatisticsView.swift in Sources */,
				11E8E7992FA22DC400A53109 /* QuickAddView.swift in Sources */,
				11E8E79A2FA22DC400A53109 /* VoiceInputView.swift in Sources */,
				11E8E79B2FA22DC400A53109 /* HomeView.swift in Sources */,
				11E8E79C2FA22DC400A53109 /* ExpenseViewModel.swift in Sources */,
				11E8E79D2FA22DC400A53109 /* ReceiptScannerView.swift in Sources */,
				11E8E79E2FA22DC400A53109 /* AppTheme.swift in Sources */,
				AABB00022FA22DC400A53109 /* ExchangeRateService.swift in Sources */,
				AABB00042FA22DC400A53109 /* TravelCurrency.swift in Sources */,
				AABB00062FA22DC400A53109 /* TravelModeSummaryView.swift in Sources */,
			);
			runOnlyForDeploymentPostprocessing = 0;
		};
		11E8E75E2FA21BE900A53109 /* Sources */ = {
			isa = PBXSourcesBuildPhase;
			buildActionMask = 2147483647;
			files = (
			);
			runOnlyForDeploymentPostprocessing = 0;
		};
		11E8E7682FA21BE900A53109 /* Sources */ = {
			isa = PBXSourcesBuildPhase;
			buildActionMask = 2147483647;
			files = (
			);
			runOnlyForDeploymentPostprocessing = 0;
		};
/* End PBXSourcesBuildPhase section */

/* Begin PBXTargetDependency section */
		11E8E7642FA21BE900A53109 /* PBXTargetDependency */ = {
			isa = PBXTargetDependency;
			target = 11E8E7542FA21BE800A53109 /* SmartExpenseTracker */;
			targetProxy = 11E8E7632FA21BE900A53109 /* PBXContainerItemProxy */;
		};
		11E8E76E2FA21BE900A53109 /* PBXTargetDependency */ = {
			isa = PBXTargetDependency;
			target = 11E8E7542FA21BE800A53109 /* SmartExpenseTracker */;
			targetProxy = 11E8E76D2FA21BE900A53109 /* PBXContainerItemProxy */;
		};
/* End PBXTargetDependency section */

/* Begin XCBuildConfiguration section */
		11E8E7742FA21BE900A53109 /* Debug */ = {
			isa = XCBuildConfiguration;
			buildSettings = {
				ALWAYS_SEARCH_USER_PATHS = NO;
				ASSETCATALOG_COMPILER_GENERATE_SWIFT_ASSET_SYMBOL_EXTENSIONS = YES;
				CLANG_ANALYZER_NONNULL = YES;
				CLANG_ANALYZER_NUMBER_OBJECT_CONVERSION = YES_AGGRESSIVE;
				CLANG_CXX_LANGUAGE_STANDARD = "gnu++20";
				CLANG_ENABLE_MODULES = YES;
				CLANG_ENABLE_OBJC_ARC = YES;
				CLANG_ENABLE_OBJC_WEAK = YES;
				CLANG_WARN_BLOCK_CAPTURE_AUTORELEASING = YES;
				CLANG_WARN_BOOL_CONVERSION = YES;
				CLANG_WARN_COMMA = YES;
				CLANG_WARN_CONSTANT_CONVERSION = YES;
				CLANG_WARN_DEPRECATED_OBJC_IMPLEMENTATIONS = YES;
				CLANG_WARN_DIRECT_OBJC_ISA_USAGE = YES_ERROR;
				CLANG_WARN_DOCUMENTATION_COMMENTS = YES;
				CLANG_WARN_EMPTY_BODY = YES;
				CLANG_WARN_ENUM_CONVERSION = YES;
				CLANG_WARN_INFINITE_RECURSION = YES;
				CLANG_WARN_INT_CONVERSION = YES;
				CLANG_WARN_NON_LITERAL_NULL_CONVERSION = YES;
				CLANG_WARN_OBJC_IMPLICIT_RETAIN_SELF = YES;
				CLANG_WARN_OBJC_LITERAL_CONVERSION = YES;
				CLANG_WARN_OBJC_ROOT_CLASS = YES_ERROR;
				CLANG_WARN_QUOTED_INCLUDE_IN_FRAMEWORK_HEADER = YES;
				CLANG_WARN_RANGE_LOOP_ANALYSIS = YES;
				CLANG_WARN_STRICT_PROTOTYPES = YES;
				CLANG_WARN_SUSPICIOUS_MOVE = YES;
				CLANG_WARN_UNGUARDED_AVAILABILITY = YES_AGGRESSIVE;
				CLANG_WARN_UNREACHABLE_CODE = YES;
				CLANG_WARN__DUPLICATE_METHOD_MATCH = YES;
				COPY_PHASE_STRIP = NO;
				DEBUG_INFORMATION_FORMAT = dwarf;
				DEVELOPMENT_TEAM = UDN4C958LV;
				ENABLE_STRICT_OBJC_MSGSEND = YES;
				ENABLE_TESTABILITY = YES;
				ENABLE_USER_SCRIPT_SANDBOXING = YES;
				GCC_C_LANGUAGE_STANDARD = gnu17;
				GCC_DYNAMIC_NO_PIC = NO;
				GCC_NO_COMMON_BLOCKS = YES;
				GCC_OPTIMIZATION_LEVEL = 0;
				GCC_PREPROCESSOR_DEFINITIONS = (
					"DEBUG=1",
					"$(inherited)",
				);
				GCC_WARN_64_TO_32_BIT_CONVERSION = YES;
				GCC_WARN_ABOUT_RETURN_TYPE = YES_ERROR;
				GCC_WARN_UNDECLARED_SELECTOR = YES;
				GCC_WARN_UNINITIALIZED_AUTOS = YES_AGGRESSIVE;
				GCC_WARN_UNUSED_FUNCTION = YES;
				GCC_WARN_UNUSED_VARIABLE = YES;
				IPHONEOS_DEPLOYMENT_TARGET = 26.2;
				LOCALIZATION_PREFERS_STRING_CATALOGS = YES;
				MTL_ENABLE_DEBUG_INFO = INCLUDE_SOURCE;
				MTL_FAST_MATH = YES;
				ONLY_ACTIVE_ARCH = YES;
				SDKROOT = iphoneos;
				SWIFT_ACTIVE_COMPILATION_CONDITIONS = "DEBUG $(inherited)";
				SWIFT_OPTIMIZATION_LEVEL = "-Onone";
			};
			name = Debug;
		};
		11E8E7752FA21BE900A53109 /* Release */ = {
			isa = XCBuildConfiguration;
			buildSettings = {
				ALWAYS_SEARCH_USER_PATHS = NO;
				ASSETCATALOG_COMPILER_GENERATE_SWIFT_ASSET_SYMBOL_EXTENSIONS = YES;
				CLANG_ANALYZER_NONNULL = YES;
				CLANG_ANALYZER_NUMBER_OBJECT_CONVERSION = YES_AGGRESSIVE;
				CLANG_CXX_LANGUAGE_STANDARD = "gnu++20";
				CLANG_ENABLE_MODULES = YES;
				CLANG_ENABLE_OBJC_ARC = YES;
				CLANG_ENABLE_OBJC_WEAK = YES;
				CLANG_WARN_BLOCK_CAPTURE_AUTORELEASING = YES;
				CLANG_WARN_BOOL_CONVERSION = YES;
				CLANG_WARN_COMMA = YES;
				CLANG_WARN_CONSTANT_CONVERSION = YES;
				CLANG_WARN_DEPRECATED_OBJC_IMPLEMENTATIONS = YES;
				CLANG_WARN_DIRECT_OBJC_ISA_USAGE = YES_ERROR;
				CLANG_WARN_DOCUMENTATION_COMMENTS = YES;
				CLANG_WARN_EMPTY_BODY = YES;
				CLANG_WARN_ENUM_CONVERSION = YES;
				CLANG_WARN_INFINITE_RECURSION = YES;
				CLANG_WARN_INT_CONVERSION = YES;
				CLANG_WARN_NON_LITERAL_NULL_CONVERSION = YES;
				CLANG_WARN_OBJC_IMPLICIT_RETAIN_SELF = YES;
				CLANG_WARN_OBJC_LITERAL_CONVERSION = YES;
				CLANG_WARN_OBJC_ROOT_CLASS = YES_ERROR;
				CLANG_WARN_QUOTED_INCLUDE_IN_FRAMEWORK_HEADER = YES;
				CLANG_WARN_RANGE_LOOP_ANALYSIS = YES;
				CLANG_WARN_STRICT_PROTOTYPES = YES;
				CLANG_WARN_SUSPICIOUS_MOVE = YES;
				CLANG_WARN_UNGUARDED_AVAILABILITY = YES_AGGRESSIVE;
				CLANG_WARN_UNREACHABLE_CODE = YES;
				CLANG_WARN__DUPLICATE_METHOD_MATCH = YES;
				COPY_PHASE_STRIP = NO;
				DEBUG_INFORMATION_FORMAT = "dwarf-with-dsym";
				DEVELOPMENT_TEAM = UDN4C958LV;
				ENABLE_NS_ASSERTIONS = NO;
				ENABLE_STRICT_OBJC_MSGSEND = YES;
				ENABLE_USER_SCRIPT_SANDBOXING = YES;
				GCC_C_LANGUAGE_STANDARD = gnu17;
				GCC_NO_COMMON_BLOCKS = YES;
				GCC_WARN_64_TO_32_BIT_CONVERSION = YES;
				GCC_WARN_ABOUT_RETURN_TYPE = YES_ERROR;
				GCC_WARN_UNDECLARED_SELECTOR = YES;
				GCC_WARN_UNINITIALIZED_AUTOS = YES_AGGRESSIVE;
				GCC_WARN_UNUSED_FUNCTION = YES;
				GCC_WARN_UNUSED_VARIABLE = YES;
				IPHONEOS_DEPLOYMENT_TARGET = 26.2;
				LOCALIZATION_PREFERS_STRING_CATALOGS = YES;
				MTL_ENABLE_DEBUG_INFO = NO;
				MTL_FAST_MATH = YES;
				SDKROOT = iphoneos;
				SWIFT_COMPILATION_MODE = wholemodule;
				VALIDATE_PRODUCT = YES;
			};
			name = Release;
		};
		11E8E7772FA21BE900A53109 /* Debug */ = {
			isa = XCBuildConfiguration;
			buildSettings = {
				ASSETCATALOG_COMPILER_APPICON_NAME = AppIcon;
				ASSETCATALOG_COMPILER_GLOBAL_ACCENT_COLOR_NAME = AccentColor;
				CODE_SIGN_STYLE = Automatic;
				CURRENT_PROJECT_VERSION = 1;
				DEVELOPMENT_TEAM = UDN4C958LV;
				ENABLE_PREVIEWS = YES;
				GENERATE_INFOPLIST_FILE = NO;
				INFOPLIST_FILE = Info.plist;
				INFOPLIST_KEY_CFBundleDisplayName = "i記帳";
				INFOPLIST_KEY_NSCameraUsageDescription = "使用相機拍攝收據自動辨識金額";
				INFOPLIST_KEY_NSMicrophoneUsageDescription = "需要麥克風以進行語音記帳功能";
				INFOPLIST_KEY_NSPhotoLibraryUsageDescription = "從相簿選取收據照片以自動辨識金額";
				INFOPLIST_KEY_NSSpeechRecognitionUsageDescription = "使用語音辨識自動解析消費金額與分類";
				INFOPLIST_KEY_UIApplicationSceneManifest_Generation = YES;
				INFOPLIST_KEY_UIApplicationSupportsIndirectInputEvents = YES;
				INFOPLIST_KEY_UILaunchScreen_Generation = YES;
				INFOPLIST_KEY_UISupportedInterfaceOrientations_iPad = "UIInterfaceOrientationPortrait UIInterfaceOrientationPortraitUpsideDown UIInterfaceOrientationLandscapeLeft UIInterfaceOrientationLandscapeRight";
				INFOPLIST_KEY_UISupportedInterfaceOrientations_iPhone = "UIInterfaceOrientationPortrait UIInterfaceOrientationLandscapeLeft UIInterfaceOrientationLandscapeRight";
				LD_RUNPATH_SEARCH_PATHS = (
					"$(inherited)",
					"@executable_path/Frameworks",
				);
				MARKETING_VERSION = 1.0;
				PRODUCT_BUNDLE_IDENTIFIER = com.Felix.SmartExpenseTracker.SmartExpenseTracker;
				PRODUCT_NAME = "$(TARGET_NAME)";
				STRING_CATALOG_GENERATE_SYMBOLS = YES;
				SWIFT_APPROACHABLE_CONCURRENCY = YES;
				SWIFT_DEFAULT_ACTOR_ISOLATION = MainActor;
				SWIFT_EMIT_LOC_STRINGS = YES;
				SWIFT_UPCOMING_FEATURE_MEMBER_IMPORT_VISIBILITY = YES;
				SWIFT_VERSION = 5.0;
				TARGETED_DEVICE_FAMILY = "1,2";
			};
			name = Debug;
		};
		11E8E7782FA21BE900A53109 /* Release */ = {
			isa = XCBuildConfiguration;
			buildSettings = {
				ASSETCATALOG_COMPILER_APPICON_NAME = AppIcon;
				ASSETCATALOG_COMPILER_GLOBAL_ACCENT_COLOR_NAME = AccentColor;
				CODE_SIGN_STYLE = Automatic;
				CURRENT_PROJECT_VERSION = 1;
				DEVELOPMENT_TEAM = UDN4C958LV;
				ENABLE_PREVIEWS = YES;
				GENERATE_INFOPLIST_FILE = NO;
				INFOPLIST_FILE = Info.plist;
				INFOPLIST_KEY_CFBundleDisplayName = "i記帳";
				INFOPLIST_KEY_NSCameraUsageDescription = "使用相機拍攝收據自動辨識金額";
				INFOPLIST_KEY_NSMicrophoneUsageDescription = "需要麥克風以進行語音記帳功能";
				INFOPLIST_KEY_NSPhotoLibraryUsageDescription = "從相簿選取收據照片以自動辨識金額";
				INFOPLIST_KEY_NSSpeechRecognitionUsageDescription = "使用語音辨識自動解析消費金額與分類";
				INFOPLIST_KEY_UIApplicationSceneManifest_Generation = YES;
				INFOPLIST_KEY_UIApplicationSupportsIndirectInputEvents = YES;
				INFOPLIST_KEY_UILaunchScreen_Generation = YES;
				INFOPLIST_KEY_UISupportedInterfaceOrientations_iPad = "UIInterfaceOrientationPortrait UIInterfaceOrientationPortraitUpsideDown UIInterfaceOrientationLandscapeLeft UIInterfaceOrientationLandscapeRight";
				INFOPLIST_KEY_UISupportedInterfaceOrientations_iPhone = "UIInterfaceOrientationPortrait UIInterfaceOrientationLandscapeLeft UIInterfaceOrientationLandscapeRight";
				LD_RUNPATH_SEARCH_PATHS = (
					"$(inherited)",
					"@executable_path/Frameworks",
				);
				MARKETING_VERSION = 1.0;
				PRODUCT_BUNDLE_IDENTIFIER = com.Felix.SmartExpenseTracker.SmartExpenseTracker;
				PRODUCT_NAME = "$(TARGET_NAME)";
				STRING_CATALOG_GENERATE_SYMBOLS = YES;
				SWIFT_APPROACHABLE_CONCURRENCY = YES;
				SWIFT_DEFAULT_ACTOR_ISOLATION = MainActor;
				SWIFT_EMIT_LOC_STRINGS = YES;
				SWIFT_UPCOMING_FEATURE_MEMBER_IMPORT_VISIBILITY = YES;
				SWIFT_VERSION = 5.0;
				TARGETED_DEVICE_FAMILY = "1,2";
			};
			name = Release;
		};
		11E8E77A2FA21BE900A53109 /* Debug */ = {
			isa = XCBuildConfiguration;
			buildSettings = {
				BUNDLE_LOADER = "$(TEST_HOST)";
				CODE_SIGN_STYLE = Automatic;
				CURRENT_PROJECT_VERSION = 1;
				DEVELOPMENT_TEAM = UDN4C958LV;
				GENERATE_INFOPLIST_FILE = NO;
				INFOPLIST_FILE = Info.plist;
				INFOPLIST_KEY_CFBundleDisplayName = "i記帳";
				IPHONEOS_DEPLOYMENT_TARGET = 26.2;
				MARKETING_VERSION = 1.0;
				PRODUCT_BUNDLE_IDENTIFIER = com.Felix.SmartExpenseTracker.SmartExpenseTrackerTests;
				PRODUCT_NAME = "$(TARGET_NAME)";
				STRING_CATALOG_GENERATE_SYMBOLS = NO;
				SWIFT_APPROACHABLE_CONCURRENCY = YES;
				SWIFT_EMIT_LOC_STRINGS = NO;
				SWIFT_UPCOMING_FEATURE_MEMBER_IMPORT_VISIBILITY = YES;
				SWIFT_VERSION = 5.0;
				TARGETED_DEVICE_FAMILY = "1,2";
				TEST_HOST = "$(BUILT_PRODUCTS_DIR)/SmartExpenseTracker.app/$(BUNDLE_EXECUTABLE_FOLDER_PATH)/SmartExpenseTracker";
			};
			name = Debug;
		};
		11E8E77B2FA21BE900A53109 /* Release */ = {
			isa = XCBuildConfiguration;
			buildSettings = {
				BUNDLE_LOADER = "$(TEST_HOST)";
				CODE_SIGN_STYLE = Automatic;
				CURRENT_PROJECT_VERSION = 1;
				DEVELOPMENT_TEAM = UDN4C958LV;
				GENERATE_INFOPLIST_FILE = NO;
				INFOPLIST_FILE = Info.plist;
				INFOPLIST_KEY_CFBundleDisplayName = "i記帳";
				IPHONEOS_DEPLOYMENT_TARGET = 26.2;
				MARKETING_VERSION = 1.0;
				PRODUCT_BUNDLE_IDENTIFIER = com.Felix.SmartExpenseTracker.SmartExpenseTrackerTests;
				PRODUCT_NAME = "$(TARGET_NAME)";
				STRING_CATALOG_GENERATE_SYMBOLS = NO;
				SWIFT_APPROACHABLE_CONCURRENCY = YES;
				SWIFT_EMIT_LOC_STRINGS = NO;
				SWIFT_UPCOMING_FEATURE_MEMBER_IMPORT_VISIBILITY = YES;
				SWIFT_VERSION = 5.0;
				TARGETED_DEVICE_FAMILY = "1,2";
				TEST_HOST = "$(BUILT_PRODUCTS_DIR)/SmartExpenseTracker.app/$(BUNDLE_EXECUTABLE_FOLDER_PATH)/SmartExpenseTracker";
			};
			name = Release;
		};
		11E8E77D2FA21BE900A53109 /* Debug */ = {
			isa = XCBuildConfiguration;
			buildSettings = {
				CODE_SIGN_STYLE = Automatic;
				CURRENT_PROJECT_VERSION = 1;
				DEVELOPMENT_TEAM = UDN4C958LV;
				GENERATE_INFOPLIST_FILE = NO;
				INFOPLIST_FILE = Info.plist;
				INFOPLIST_KEY_CFBundleDisplayName = "i記帳";
				MARKETING_VERSION = 1.0;
				PRODUCT_BUNDLE_IDENTIFIER = com.Felix.SmartExpenseTracker.SmartExpenseTrackerUITests;
				PRODUCT_NAME = "$(TARGET_NAME)";
				STRING_CATALOG_GENERATE_SYMBOLS = NO;
				SWIFT_APPROACHABLE_CONCURRENCY = YES;
				SWIFT_EMIT_LOC_STRINGS = NO;
				SWIFT_UPCOMING_FEATURE_MEMBER_IMPORT_VISIBILITY = YES;
				SWIFT_VERSION = 5.0;
				TARGETED_DEVICE_FAMILY = "1,2";
				TEST_TARGET_NAME = SmartExpenseTracker;
			};
			name = Debug;
		};
		11E8E77E2FA21BE900A53109 /* Release */ = {
			isa = XCBuildConfiguration;
			buildSettings = {
				CODE_SIGN_STYLE = Automatic;
				CURRENT_PROJECT_VERSION = 1;
				DEVELOPMENT_TEAM = UDN4C958LV;
				GENERATE_INFOPLIST_FILE = NO;
				INFOPLIST_FILE = Info.plist;
				INFOPLIST_KEY_CFBundleDisplayName = "i記帳";
				MARKETING_VERSION = 1.0;
				PRODUCT_BUNDLE_IDENTIFIER = com.Felix.SmartExpenseTracker.SmartExpenseTrackerUITests;
				PRODUCT_NAME = "$(TARGET_NAME)";
				STRING_CATALOG_GENERATE_SYMBOLS = NO;
				SWIFT_APPROACHABLE_CONCURRENCY = YES;
				SWIFT_EMIT_LOC_STRINGS = NO;
				SWIFT_UPCOMING_FEATURE_MEMBER_IMPORT_VISIBILITY = YES;
				SWIFT_VERSION = 5.0;
				TARGETED_DEVICE_FAMILY = "1,2";
				TEST_TARGET_NAME = SmartExpenseTracker;
			};
			name = Release;
		};
/* End XCBuildConfiguration section */

/* Begin XCConfigurationList section */
		11E8E7502FA21BE800A53109 /* Build configuration list for PBXProject "SmartExpenseTracker" */ = {
			isa = XCConfigurationList;
			buildConfigurations = (
				11E8E7742FA21BE900A53109 /* Debug */,
				11E8E7752FA21BE900A53109 /* Release */,
			);
			defaultConfigurationIsVisible = 0;
			defaultConfigurationName = Release;
		};
		11E8E7762FA21BE900A53109 /* Build configuration list for PBXNativeTarget "SmartExpenseTracker" */ = {
			isa = XCConfigurationList;
			buildConfigurations = (
				11E8E7772FA21BE900A53109 /* Debug */,
				11E8E7782FA21BE900A53109 /* Release */,
			);
			defaultConfigurationIsVisible = 0;
			defaultConfigurationName = Release;
		};
		11E8E7792FA21BE900A53109 /* Build configuration list for PBXNativeTarget "SmartExpenseTrackerTests" */ = {
			isa = XCConfigurationList;
			buildConfigurations = (
				11E8E77A2FA21BE900A53109 /* Debug */,
				11E8E77B2FA21BE900A53109 /* Release */,
			);
			defaultConfigurationIsVisible = 0;
			defaultConfigurationName = Release;
		};
		11E8E77C2FA21BE900A53109 /* Build configuration list for PBXNativeTarget "SmartExpenseTrackerUITests" */ = {
			isa = XCConfigurationList;
			buildConfigurations = (
				11E8E77D2FA21BE900A53109 /* Debug */,
				11E8E77E2FA21BE900A53109 /* Release */,
			);
			defaultConfigurationIsVisible = 0;
			defaultConfigurationName = Release;
		};
/* End XCConfigurationList section */
	};
	rootObject = 11E8E74D2FA21BE800A53109 /* Project object */;
}
